{
	"name": "@mscharley/dot-examples-treeshaking",
	"version": "0.0.0-development",
	"lockfileVersion": 3,
	"requires": true,
	"packages": {
		"": {
			"name": "@mscharley/dot-examples-treeshaking",
			"version": "0.0.0-development",
			"license": "MIT",
			"dependencies": {
				"@mscharley/dot": "file:../.."
			},
			"devDependencies": {
				"@types/fs-extra": "^11.0.4",
				"@vercel/ncc": "^0.38.2",
				"fs-extra": "^11.2.0",
				"typescript": "5.6.2"
			}
		},
		"../..": {
			"name": "@mscharley/dot",
			"version": "1.6.1",
			"license": "MIT",
			"dependencies": {
				"async-mutex": "^0.5.0",
				"tslib": "*"
			},
			"devDependencies": {
				"@changesets/cli": "2.27.8",
				"@jest/globals": "29.7.0",
				"@microsoft/api-extractor": "7.47.9",
				"@mscharley/api-documenter-hugo": "1.0.5",
				"@mscharley/eslint-config": "3.1.5",
				"@mscharley/prettier-config": "3.0.6",
				"@stryker-mutator/core": "8.5.0",
				"@stryker-mutator/jest-runner": "8.5.0",
				"@stryker-mutator/typescript-checker": "8.5.0",
				"@swc/core": "1.7.28",
				"@swc/jest": "0.2.36",
				"acorn": "^8.12.1",
				"autoprefixer": "10.4.20",
				"esbuild": "0.24.0",
				"generic-type-guard": "4.1.0",
				"jest": "29.7.0",
				"postcss": "8.4.47",
				"postcss-cli": "11.0.0",
				"stryker-cli": "1.0.2",
				"ts-node": "10.9.2",
				"typescript": "5.6.2"
			},
			"engines": {
				"node": ">= 16"
			},
			"funding": {
				"type": "individual",
				"url": "https://github.com/sponsors/mscharley"
			}
		},
		"node_modules/@mscharley/dot": {
			"resolved": "../..",
			"link": true
		},
		"node_modules/@types/fs-extra": {
			"version": "11.0.4",
			"resolved": "https://registry.npmjs.org/@types/fs-extra/-/fs-extra-11.0.4.tgz",
			"integrity": "sha512-yTbItCNreRooED33qjunPthRcSjERP1r4MqCZc7wv0u2sUkzTFp45tgUfS5+r7FrZPdmCCNflLhVSP/o+SemsQ==",
			"dev": true,
			"license": "MIT",
			"dependencies": {
				"@types/jsonfile": "*",
				"@types/node": "*"
			}
		},
		"node_modules/@types/jsonfile": {
			"version": "6.1.4",
			"resolved": "https://registry.npmjs.org/@types/jsonfile/-/jsonfile-6.1.4.tgz",
			"integrity": "sha512-D5qGUYwjvnNNextdU59/+fI+spnwtTFmyQP0h+PfIOSkNfpU6AOICUOkm4i0OnSk+NyjdPJrxCDro0sJsWlRpQ==",
			"dev": true,
			"license": "MIT",
			"dependencies": {
				"@types/node": "*"
			}
		},
		"node_modules/@types/node": {
			"version": "22.7.4",
			"resolved": "https://registry.npmjs.org/@types/node/-/node-22.7.4.tgz",
			"integrity": "sha512-y+NPi1rFzDs1NdQHHToqeiX2TIS79SWEAw9GYhkkx8bD0ChpfqC+n2j5OXOCpzfojBEBt6DnEnnG9MY0zk1XLg==",
			"dev": true,
			"license": "MIT",
			"dependencies": {
				"undici-types": "~6.19.2"
			}
		},
		"node_modules/@vercel/ncc": {
			"version": "0.38.2",
			"resolved": "https://registry.npmjs.org/@vercel/ncc/-/ncc-0.38.2.tgz",
			"integrity": "sha512-3yel3jaxUg9pHBv4+KeC9qlbdZPug+UMtUOlhvpDYCMSgcNSrS2Hv1LoqMsOV7hf2lYscx+BESfJOIla1WsmMQ==",
			"dev": true,
			"license": "MIT",
			"bin": {
				"ncc": "dist/ncc/cli.js"
			}
		},
		"node_modules/fs-extra": {
			"version": "11.2.0",
			"resolved": "https://registry.npmjs.org/fs-extra/-/fs-extra-11.2.0.tgz",
			"integrity": "sha512-PmDi3uwK5nFuXh7XDTlVnS17xJS7vW36is2+w3xcv8SVxiB4NyATf4ctkVY5bkSjX0Y4nbvZCq1/EjtEyr9ktw==",
			"dev": true,
			"license": "MIT",
			"dependencies": {
				"graceful-fs": "^4.2.0",
				"jsonfile": "^6.0.1",
				"universalify": "^2.0.0"
			},
			"engines": {
				"node": ">=14.14"
			}
		},
		"node_modules/graceful-fs": {
			"version": "4.2.11",
			"resolved": "https://registry.npmjs.org/graceful-fs/-/graceful-fs-4.2.11.tgz",
			"integrity": "sha512-RbJ5/jmFcNNCcDV5o9eTnBLJ/HszWV0P73bc+Ff4nS/rJj+YaS6IGyiOL0VoBYX+l1Wrl3k63h/KrH+nhJ0XvQ==",
			"dev": true,
			"license": "ISC"
		},
		"node_modules/jsonfile": {
			"version": "6.1.0",
			"resolved": "https://registry.npmjs.org/jsonfile/-/jsonfile-6.1.0.tgz",
			"integrity": "sha512-5dgndWOriYSm5cnYaJNhalLNDKOqFwyDB/rr1E9ZsGciGvKPs8R2xYGCacuf3z6K1YKDz182fd+fY3cn3pMqXQ==",
			"dev": true,
			"license": "MIT",
			"dependencies": {
				"universalify": "^2.0.0"
			},
			"optionalDependencies": {
				"graceful-fs": "^4.1.6"
			}
		},
		"node_modules/typescript": {
			"version": "5.6.2",
			"resolved": "https://registry.npmjs.org/typescript/-/typescript-5.6.2.tgz",
			"integrity": "sha512-NW8ByodCSNCwZeghjN3o+JX5OFH0Ojg6sadjEKY4huZ52TqbJTJnDo5+Tw98lSy63NZvi4n+ez5m2u5d4PkZyw==",
			"dev": true,
			"license": "Apache-2.0",
			"bin": {
				"tsc": "bin/tsc",
				"tsserver": "bin/tsserver"
			},
			"engines": {
				"node": ">=14.17"
			}
		},
		"node_modules/undici-types": {
			"version": "6.19.8",
			"resolved": "https://registry.npmjs.org/undici-types/-/undici-types-6.19.8.tgz",
			"integrity": "sha512-ve2KP6f/JnbPBFyobGHuerC9g1FYGn/F8n1LWTwNxCEzd6IfqTwUQcNXgEtmmQ6DlRrC1hrSrBnCZPokRrDHjw==",
			"dev": true,
			"license": "MIT"
		},
		"node_modules/universalify": {
			"version": "2.0.1",
			"resolved": "https://registry.npmjs.org/universalify/-/universalify-2.0.1.tgz",
			"integrity": "sha512-gptHNQghINnc/vTGIk0SOFGFNXw7JVrlRUtConJRlvaw6DuX0wO5Jeko9sWrMBhh+PsYAZ7oXAiOnf/UKogyiw==",
			"dev": true,
			"license": "MIT",
			"engines": {
				"node": ">= 10.0.0"
			}
		}
	}
}
